// !$*UTF8*$!
{
	archiveVersion = 1;
	classes = {
	};
	objectVersion = 50;
	objects = {

/* Begin PBXBuildFile section */
		A4217E7B24EACE4E00938B6E /* AppDelegate.swift in Sources */ = {isa = PBXBuildFile; fileRef = A4217E7A24EACE4E00938B6E /* AppDelegate.swift */; };
		A4217E7D24EACE4E00938B6E /* SceneDelegate.swift in Sources */ = {isa = PBXBuildFile; fileRef = A4217E7C24EACE4E00938B6E /* SceneDelegate.swift */; };
		A4217E7F24EACE4E00938B6E /* ViewController.swift in Sources */ = {isa = PBXBuildFile; fileRef = A4217E7E24EACE4E00938B6E /* ViewController.swift */; };
		A4217E8224EACE4E00938B6E /* Main.storyboard in Resources */ = {isa = PBXBuildFile; fileRef = A4217E8024EACE4E00938B6E /* Main.storyboard */; };
		A4217E8424EACE4F00938B6E /* Assets.xcassets in Resources */ = {isa = PBXBuildFile; fileRef = A4217E8324EACE4F00938B6E /* Assets.xcassets */; };
		A4217E8724EACE4F00938B6E /* LaunchScreen.storyboard in Resources */ = {isa = PBXBuildFile; fileRef = A4217E8524EACE4F00938B6E /* LaunchScreen.storyboard */; };
		A4217E9024EACE9400938B6E /* Excersice.swift in Sources */ = {isa = PBXBuildFile; fileRef = A4217E8F24EACE9400938B6E /* Excersice.swift */; };
		A4217E9224EACEC800938B6E /* Jumping.swift in Sources */ = {isa = PBXBuildFile; fileRef = A4217E9124EACEC800938B6E /* Jumping.swift */; };
		A4217E9424EACF0E00938B6E /* Running.swift in Sources */ = {isa = PBXBuildFile; fileRef = A4217E9324EACF0E00938B6E /* Running.swift */; };
		A4217E9724EACF4600938B6E /* FactoryExercises.swift in Sources */ = {isa = PBXBuildFile; fileRef = A4217E9624EACF4600938B6E /* FactoryExercises.swift */; };
/* End PBXBuildFile section */

/* Begin PBXFileReference section */
		A4217E7724EACE4E00938B6E /* Factory.app */ = {isa = PBXFileReference; explicitFileType = wrapper.application; includeInIndex = 0; path = Factory.app; sourceTree = BUILT_PRODUCTS_DIR; };
		A4217E7A24EACE4E00938B6E /* AppDelegate.swift */ = {isa = PBXFileReference; lastKnownFileType = sourcecode.swift; path = AppDelegate.swift; sourceTree = "<group>"; };
		A4217E7C24EACE4E00938B6E /* SceneDelegate.swift */ = {isa = PBXFileReference; lastKnownFileType = sourcecode.swift; path = SceneDelegate.swift; sourceTree = "<group>"; };
		A4217E7E24EACE4E00938B6E /* ViewController.swift */ = {isa = PBXFileReference; lastKnownFileType = sourcecode.swift; path = ViewController.swift; sourceTree = "<group>"; };
		A4217E8124EACE4E00938B6E /* Base */ = {isa = PBXFileReference; lastKnownFileType = file.storyboard; name = Base; path = Base.lproj/Main.storyboard; sourceTree = "<group>"; };
		A4217E8324EACE4F00938B6E /* Assets.xcassets */ = {isa = PBXFileReference; lastKnownFileType = folder.assetcatalog; path = Assets.xcassets; sourceTree = "<group>"; };
		A4217E8624EACE4F00938B6E /* Base */ = {isa = PBXFileReference; lastKnownFileType = file.storyboard; name = Base; path = Base.lproj/LaunchScreen.storyboard; sourceTree = "<group>"; };
		A4217E8824EACE4F00938B6E /* Info.plist */ = {isa = PBXFileReference; lastKnownFileType = text.plist.xml; path = Info.plist; sourceTree = "<group>"; };
		A4217E8F24EACE9400938B6E /* Excersice.swift */ = {isa = PBXFileReference; lastKnownFileType = sourcecode.swift; path = Excersice.swift; sourceTree = "<group>"; };
		A4217E9124EACEC800938B6E /* Jumping.swift */ = {isa = PBXFileReference; lastKnownFileType = sourcecode.swift; path = Jumping.swift; sourceTree = "<group>"; };
		A4217E9324EACF0E00938B6E /* Running.swift */ = {isa = PBXFileReference; lastKnownFileType = sourcecode.swift; path = Running.swift; sourceTree = "<group>"; };
		A4217E9624EACF4600938B6E /* FactoryExercises.swift */ = {isa = PBXFileReference; lastKnownFileType = sourcecode.swift; path = FactoryExercises.swift; sourceTree = "<group>"; };
/* End PBXFileReference section */

/* Begin PBXFrameworksBuildPhase section */
		A4217E7424EACE4E00938B6E /* Frameworks */ = {
			isa = PBXFrameworksBuildPhase;
			buildActionMask = 2147483647;
			files = (
			);
			runOnlyForDeploymentPostprocessing = 0;
		};
/* End PBXFrameworksBuildPhase section */

/* Begin PBXGroup section */
		A4217E6E24EACE4E00938B6E = {
			isa = PBXGroup;
			children = (
				A4217E7924EACE4E00938B6E /* Factory */,
				A4217E7824EACE4E00938B6E /* Products */,
			);
			sourceTree = "<group>";
		};
		A4217E7824EACE4E00938B6E /* Products */ = {
			isa = PBXGroup;
			children = (
				A4217E7724EACE4E00938B6E /* Factory.app */,
			);
			name = Products;
			sourceTree = "<group>";
		};
		A4217E7924EACE4E00938B6E /* Factory */ = {
			isa = PBXGroup;
			children = (
				A4217E7A24EACE4E00938B6E /* AppDelegate.swift */,
				A4217E7C24EACE4E00938B6E /* SceneDelegate.swift */,
				A4217E9824EAD0D600938B6E /* ViewController */,
				A4217E9524EACF2600938B6E /* Exersices */,
				A4217E8E24EACE6100938B6E /* Factory */,
				A4217E8024EACE4E00938B6E /* Main.storyboard */,
				A4217E8324EACE4F00938B6E /* Assets.xcassets */,
				A4217E8524EACE4F00938B6E /* LaunchScreen.storyboard */,
				A4217E8824EACE4F00938B6E /* Info.plist */,
			);
			path = Factory;
			sourceTree = "<group>";
		};
		A4217E8E24EACE6100938B6E /* Factory */ = {
			isa = PBXGroup;
			children = (
				A4217E9624EACF4600938B6E /* FactoryExercises.swift */,
			);
			path = Factory;
			sourceTree = "<group>";
		};
		A4217E9524EACF2600938B6E /* Exersices */ = {
			isa = PBXGroup;
			children = (
				A4217E8F24EACE9400938B6E /* Excersice.swift */,
				A4217E9124EACEC800938B6E /* Jumping.swift */,
				A4217E9324EACF0E00938B6E /* Running.swift */,
			);
			path = Exersices;
			sourceTree = "<group>";
		};
		A4217E9824EAD0D600938B6E /* ViewController */ = {
			isa = PBXGroup;
			children = (
				A4217E7E24EACE4E00938B6E /* ViewController.swift */,
			);
			path = ViewController;
			sourceTree = "<group>";
		};
/* End PBXGroup section */

/* Begin PBXNativeTarget section */
		A4217E7624EACE4E00938B6E /* Factory */ = {
			isa = PBXNativeTarget;
			buildConfigurationList = A4217E8B24EACE4F00938B6E /* Build configuration list for PBXNativeTarget "Factory" */;
			buildPhases = (
				A4217E7324EACE4E00938B6E /* Sources */,
				A4217E7424EACE4E00938B6E /* Frameworks */,
				A4217E7524EACE4E00938B6E /* Resources */,
			);
			buildRules = (
			);
			dependencies = (
			);
			name = Factory;
			productName = Factory;
			productReference = A4217E7724EACE4E00938B6E /* Factory.app */;
			productType = "com.apple.product-type.application";
		};
/* End PBXNativeTarget section */

/* Begin PBXProject section */
		A4217E6F24EACE4E00938B6E /* Project object */ = {
			isa = PBXProject;
			attributes = {
				LastSwiftUpdateCheck = 1160;
				LastUpgradeCheck = 1160;
				ORGANIZATIONNAME = "Анастасия Ильина";
				TargetAttributes = {
					A4217E7624EACE4E00938B6E = {
						CreatedOnToolsVersion = 11.6;
					};
				};
			};
			buildConfigurationList = A4217E7224EACE4E00938B6E /* Build configuration list for PBXProject "Factory" */;
			compatibilityVersion = "Xcode 9.3";
			developmentRegion = en;
			hasScannedForEncodings = 0;
			knownRegions = (
				en,
				Base,
			);
			mainGroup = A4217E6E24EACE4E00938B6E;
			productRefGroup = A4217E7824EACE4E00938B6E /* Products */;
			projectDirPath = "";
			projectRoot = "";
			targets = (
				A4217E7624EACE4E00938B6E /* Factory */,
			);
		};
/* End PBXProject section */

/* Begin PBXResourcesBuildPhase section */
		A4217E7524EACE4E00938B6E /* Resources */ = {
			isa = PBXResourcesBuildPhase;
			buildActionMask = 2147483647;
			files = (
				A4217E8724EACE4F00938B6E /* LaunchScreen.storyboard in Resources */,
				A4217E8424EACE4F00938B6E /* Assets.xcassets in Resources */,
				A4217E8224EACE4E00938B6E /* Main.storyboard in Resources */,
			);
			runOnlyForDeploymentPostprocessing = 0;
		};
/* End PBXResourcesBuildPhase section */

/* Begin PBXSourcesBuildPhase section */
		A4217E7324EACE4E00938B6E /* Sources */ = {
			isa = PBXSourcesBuildPhase;
			buildActionMask = 2147483647;
			files = (
				A4217E7F24EACE4E00938B6E /* ViewController.swift in Sources */,
				A4217E9424EACF0E00938B6E /* Running.swift in Sources */,
				A4217E9024EACE9400938B6E /* Excersice.swift in Sources */,
				A4217E7B24EACE4E00938B6E /* AppDelegate.swift in Sources */,
				A4217E9724EACF4600938B6E /* FactoryExercises.swift in Sources */,
				A4217E9224EACEC800938B6E /* Jumping.swift in Sources */,
				A4217E7D24EACE4E00938B6E /* SceneDelegate.swift in Sources */,
			);
			runOnlyForDeploymentPostprocessing = 0;
		};
/* End PBXSourcesBuildPhase section */

/* Begin PBXVariantGroup section */
		A4217E8024EACE4E00938B6E /* Main.storyboard */ = {
			isa = PBXVariantGroup;
			children = (
				A4217E8124EACE4E00938B6E /* Base */,
			);
			name = Main.storyboard;
			sourceTree = "<group>";
		};
		A4217E8524EACE4F00938B6E /* LaunchScreen.storyboard */ = {
			isa = PBXVariantGroup;
			children = (
				A4217E8624EACE4F00938B6E /* Base */,
			);
			name = LaunchScreen.storyboard;
			sourceTree = "<group>";
		};
/* End PBXVariantGroup section */

/* Begin XCBuildConfiguration section */
		A4217E8924EACE4F00938B6E /* Debug */ = {
			isa = XCBuildConfiguration;
			buildSettings = {
				ALWAYS_SEARCH_USER_PATHS = NO;
				CLANG_ANALYZER_NONNULL = YES;
				CLANG_ANALYZER_NUMBER_OBJECT_CONVERSION = YES_AGGRESSIVE;
				CLANG_CXX_LANGUAGE_STANDARD = "gnu++14";
				CLANG_CXX_LIBRARY = "libc++";
				CLANG_ENABLE_MODULES = YES;
				CLANG_ENABLE_OBJC_ARC = YES;
				CLANG_ENABLE_OBJC_WEAK = YES;
				CLANG_WARN_BLOCK_CAPTURE_AUTORELEASING = YES;
				CLANG_WARN_BOOL_CONVERSION = YES;
				CLANG_WARN_COMMA = YES;
				CLANG_WARN_CONSTANT_CONVERSION = YES;
				CLANG_WARN_DEPRECATED_OBJC_IMPLEMENTATIONS = YES;
				CLANG_WARN_DIRECT_OBJC_ISA_USAGE = YES_ERROR;
				CLANG_WARN_DOCUMENTATION_COMMENTS = YES;
				CLANG_WARN_EMPTY_BODY = YES;
				CLANG_WARN_ENUM_CONVERSION = YES;
				CLANG_WARN_INFINITE_RECURSION = YES;
				CLANG_WARN_INT_CONVERSION = YES;
				CLANG_WARN_NON_LITERAL_NULL_CONVERSION = YES;
				CLANG_WARN_OBJC_IMPLICIT_RETAIN_SELF = YES;
				CLANG_WARN_OBJC_LITERAL_CONVERSION = YES;
				CLANG_WARN_OBJC_ROOT_CLASS = YES_ERROR;
				CLANG_WARN_RANGE_LOOP_ANALYSIS = YES;
				CLANG_WARN_STRICT_PROTOTYPES = YES;
				CLANG_WARN_SUSPICIOUS_MOVE = YES;
				CLANG_WARN_UNGUARDED_AVAILABILITY = YES_AGGRESSIVE;
				CLANG_WARN_UNREACHABLE_CODE = YES;
				CLANG_WARN__DUPLICATE_METHOD_MATCH = YES;
				COPY_PHASE_STRIP = NO;
				DEBUG_INFORMATION_FORMAT = dwarf;
				ENABLE_STRICT_OBJC_MSGSEND = YES;
				ENABLE_TESTABILITY = YES;
				GCC_C_LANGUAGE_STANDARD = gnu11;
				GCC_DYNAMIC_NO_PIC = NO;
				GCC_NO_COMMON_BLOCKS = YES;
				GCC_OPTIMIZATION_LEVEL = 0;
				GCC_PREPROCESSOR_DEFINITIONS = (
					"DEBUG=1",
					"$(inherited)",
				);
				GCC_WARN_64_TO_32_BIT_CONVERSION = YES;
				GCC_WARN_ABOUT_RETURN_TYPE = YES_ERROR;
				GCC_WARN_UNDECLARED_SELECTOR = YES;
				GCC_WARN_UNINITIALIZED_AUTOS = YES_AGGRESSIVE;
				GCC_WARN_UNUSED_FUNCTION = YES;
				GCC_WARN_UNUSED_VARIABLE = YES;
				IPHONEOS_DEPLOYMENT_TARGET = 13.6;
				MTL_ENABLE_DEBUG_INFO = INCLUDE_SOURCE;
				MTL_FAST_MATH = YES;
				ONLY_ACTIVE_ARCH = YES;
				SDKROOT = iphoneos;
				SWIFT_ACTIVE_COMPILATION_CONDITIONS = DEBUG;
				SWIFT_OPTIMIZATION_LEVEL = "-Onone";
			};
			name = Debug;
		};
		A4217E8A24EACE4F00938B6E /* Release */ = {
			isa = XCBuildConfiguration;
			buildSettings = {
				ALWAYS_SEARCH_USER_PATHS = NO;
				CLANG_ANALYZER_NONNULL = YES;
				CLANG_ANALYZER_NUMBER_OBJECT_CONVERSION = YES_AGGRESSIVE;
				CLANG_CXX_LANGUAGE_STANDARD = "gnu++14";
				CLANG_CXX_LIBRARY = "libc++";
				CLANG_ENABLE_MODULES = YES;
				CLANG_ENABLE_OBJC_ARC = YES;
				CLANG_ENABLE_OBJC_WEAK = YES;
				CLANG_WARN_BLOCK_CAPTURE_AUTORELEASING = YES;
				CLANG_WARN_BOOL_CONVERSION = YES;
				CLANG_WARN_COMMA = YES;
				CLANG_WARN_CONSTANT_CONVERSION = YES;
				CLANG_WARN_DEPRECATED_OBJC_IMPLEMENTATIONS = YES;
				CLANG_WARN_DIRECT_OBJC_ISA_USAGE = YES_ERROR;
				CLANG_WARN_DOCUMENTATION_COMMENTS = YES;
				CLANG_WARN_EMPTY_BODY = YES;
				CLANG_WARN_ENUM_CONVERSION = YES;
				CLANG_WARN_INFINITE_RECURSION = YES;
				CLANG_WARN_INT_CONVERSION = YES;
				CLANG_WARN_NON_LITERAL_NULL_CONVERSION = YES;
				CLANG_WARN_OBJC_IMPLICIT_RETAIN_SELF = YES;
				CLANG_WARN_OBJC_LITERAL_CONVERSION = YES;
				CLANG_WARN_OBJC_ROOT_CLASS = YES_ERROR;
				CLANG_WARN_RANGE_LOOP_ANALYSIS = YES;
				CLANG_WARN_STRICT_PROTOTYPES = YES;
				CLANG_WARN_SUSPICIOUS_MOVE = YES;
				CLANG_WARN_UNGUARDED_AVAILABILITY = YES_AGGRESSIVE;
				CLANG_WARN_UNREACHABLE_CODE = YES;
				CLANG_WARN__DUPLICATE_METHOD_MATCH = YES;
				COPY_PHASE_STRIP = NO;
				DEBUG_INFORMATION_FORMAT = "dwarf-with-dsym";
				ENABLE_NS_ASSERTIONS = NO;
				ENABLE_STRICT_OBJC_MSGSEND = YES;
				GCC_C_LANGUAGE_STANDARD = gnu11;
				GCC_NO_COMMON_BLOCKS = YES;
				GCC_WARN_64_TO_32_BIT_CONVERSION = YES;
				GCC_WARN_ABOUT_RETURN_TYPE = YES_ERROR;
				GCC_WARN_UNDECLARED_SELECTOR = YES;
				GCC_WARN_UNINITIALIZED_AUTOS = YES_AGGRESSIVE;
				GCC_WARN_UNUSED_FUNCTION = YES;
				GCC_WARN_UNUSED_VARIABLE = YES;
				IPHONEOS_DEPLOYMENT_TARGET = 13.6;
				MTL_ENABLE_DEBUG_INFO = NO;
				MTL_FAST_MATH = YES;
				SDKROOT = iphoneos;
				SWIFT_COMPILATION_MODE = wholemodule;
				SWIFT_OPTIMIZATION_LEVEL = "-O";
				VALIDATE_PRODUCT = YES;
			};
			name = Release;
		};
		A4217E8C24EACE4F00938B6E /* Debug */ = {
			isa = XCBuildConfiguration;
			buildSettings = {
				ASSETCATALOG_COMPILER_APPICON_NAME = AppIcon;
				CODE_SIGN_STYLE = Automatic;
				DEVELOPMENT_TEAM = XT64U8RD27;
				INFOPLIST_FILE = Factory/Info.plist;
				LD_RUNPATH_SEARCH_PATHS = (
					"$(inherited)",
					"@executable_path/Frameworks",
				);
				PRODUCT_BUNDLE_IDENTIFIER = nastyouth.Factory;
				PRODUCT_NAME = "$(TARGET_NAME)";
				SWIFT_VERSION = 5.0;
				TARGETED_DEVICE_FAMILY = "1,2";
			};
			name = Debug;
		};
		A4217E8D24EACE4F00938B6E /* Release */ = {
			isa = XCBuildConfiguration;
			buildSettings = {
				ASSETCATALOG_COMPILER_APPICON_NAME = AppIcon;
				CODE_SIGN_STYLE = Automatic;
				DEVELOPMENT_TEAM = XT64U8RD27;
				INFOPLIST_FILE = Factory/Info.plist;
				LD_RUNPATH_SEARCH_PATHS = (
					"$(inherited)",
					"@executable_path/Frameworks",
				);
				PRODUCT_BUNDLE_IDENTIFIER = nastyouth.Factory;
				PRODUCT_NAME = "$(TARGET_NAME)";
				SWIFT_VERSION = 5.0;
				TARGETED_DEVICE_FAMILY = "1,2";
			};
			name = Release;
		};
/* End XCBuildConfiguration section */

/* Begin XCConfigurationList section */
		A4217E7224EACE4E00938B6E /* Build configuration list for PBXProject "Factory" */ = {
			isa = XCConfigurationList;
			buildConfigurations = (
				A4217E8924EACE4F00938B6E /* Debug */,
				A4217E8A24EACE4F00938B6E /* Release */,
			);
			defaultConfigurationIsVisible = 0;
			defaultConfigurationName = Release;
		};
		A4217E8B24EACE4F00938B6E /* Build configuration list for PBXNativeTarget "Factory" */ = {
			isa = XCConfigurationList;
			buildConfigurations = (
				A4217E8C24EACE4F00938B6E /* Debug */,
				A4217E8D24EACE4F00938B6E /* Release */,
			);
			defaultConfigurationIsVisible = 0;
			defaultConfigurationName = Release;
		};
/* End XCConfigurationList section */
	};
	rootObject = A4217E6F24EACE4E00938B6E /* Project object */;
}
